<?xml version="1.0" encoding="utf-8"?>
<Project ToolsVersion="4.0" xmlns="http://schemas.microsoft.com/developer/msbuild/2003">
  <ItemGroup>
    <Filter Include="realengine">
      <UniqueIdentifier>{3F3798E9-2BEF-D936-94F6-B29280CD7427}</UniqueIdentifier>
    </Filter>
  </ItemGroup>
  <ItemGroup>
    <ClInclude Include="src\realengine.h" />
    <ClInclude Include="src\realengine\Application.h">
      <Filter>realengine</Filter>
    </ClInclude>
    <ClInclude Include="src\realengine\Core.h">
      <Filter>realengine</Filter>
    </ClInclude>
    <ClInclude Include="src\realengine\EntryPoint.h">
      <Filter>realengine</Filter>
    </ClInclude>
    <ClInclude Include="src\realengine\Log.h">
      <Filter>realengine</Filter>
    </ClInclude>
  </ItemGroup>
  <ItemGroup>
    <ClCompile Include="src\realengine\Application.cpp">
      <Filter>realengine</Filter>
    </ClCompile>
    <ClCompile Include="src\realengine\Log.cpp">
      <Filter>realengine</Filter>
    </ClCompile>
  </ItemGroup>
</Project>